
Microsoft Visual Studio Solution File, Format Version 12.00
# Visual Studio Version 16
VisualStudioVersion = 16.0.31019.35
MinimumVisualStudioVersion = 10.0.40219.1
Project("{FAE04EC0-301F-11D3-BF4B-00C04F79EFBC}") = "WebApplication1", "WebApplication1\WebApplication1.csproj", "{85EFDC5D-4344-438F-9285-EDAFEAE6EBAF}"
EndProject
Global
	GlobalSection(SolutionConfigurationPlatforms) = preSolution
		Debug|Any CPU = Debug|Any CPU
		Release|Any CPU = Release|Any CPU
	EndGlobalSection
	GlobalSection(ProjectConfigurationPlatforms) = postSolution
		{85EFDC5D-4344-438F-9285-EDAFEAE6EBAF}.Debug|Any CPU.ActiveCfg = Debug|Any CPU
		{85EFDC5D-4344-438F-9285-EDAFEAE6EBAF}.Debug|Any CPU.Build.0 = Debug|Any CPU
		{85EFDC5D-4344-438F-9285-EDAFEAE6EBAF}.Release|Any CPU.ActiveCfg = Release|Any CPU
		{85EFDC5D-4344-438F-9285-EDAFEAE6EBAF}.Release|Any CPU.Build.0 = Release|Any CPU
	EndGlobalSection
	GlobalSection(SolutionProperties) = preSolution
		HideSolutionNode = FALSE
	EndGlobalSection
	GlobalSection(ExtensibilityGlobals) = postSolution
		SolutionGuid = {A668E27D-64D0-4AB9-954C-279E5656AC65}
	EndGlobalSection
EndGlobal
